// !$*UTF8*$!
{
	archiveVersion = 1;
	classes = {
	};
	objectVersion = 50;
	objects = {

/* Begin PBXBuildFile section */
		BF8335DC26F659A2001D9355 /* InLoopApp.swift in Sources */ = {isa = PBXBuildFile; fileRef = BF8335DB26F659A2001D9355 /* InLoopApp.swift */; };
		BF8335DE26F659A2001D9355 /* ContentView.swift in Sources */ = {isa = PBXBuildFile; fileRef = BF8335DD26F659A2001D9355 /* ContentView.swift */; };
		BF8335E026F659A8001D9355 /* Assets.xcassets in Resources */ = {isa = PBXBuildFile; fileRef = BF8335DF26F659A8001D9355 /* Assets.xcassets */; };
		BF8335E326F659A8001D9355 /* Preview Assets.xcassets in Resources */ = {isa = PBXBuildFile; fileRef = BF8335E226F659A8001D9355 /* Preview Assets.xcassets */; };
		BF8335EE26F659A9001D9355 /* InLoopTests.swift in Sources */ = {isa = PBXBuildFile; fileRef = BF8335ED26F659A9001D9355 /* InLoopTests.swift */; };
		BF8335F926F659A9001D9355 /* InLoopUITests.swift in Sources */ = {isa = PBXBuildFile; fileRef = BF8335F826F659A9001D9355 /* InLoopUITests.swift */; };
/* End PBXBuildFile section */

/* Begin PBXContainerItemProxy section */
		BF8335EA26F659A9001D9355 /* PBXContainerItemProxy */ = {
			isa = PBXContainerItemProxy;
			containerPortal = BF8335D026F659A2001D9355 /* Project object */;
			proxyType = 1;
			remoteGlobalIDString = BF8335D726F659A2001D9355;
			remoteInfo = InLoop;
		};
		BF8335F526F659A9001D9355 /* PBXContainerItemProxy */ = {
			isa = PBXContainerItemProxy;
			containerPortal = BF8335D026F659A2001D9355 /* Project object */;
			proxyType = 1;
			remoteGlobalIDString = BF8335D726F659A2001D9355;
			remoteInfo = InLoop;
		};
/* End PBXContainerItemProxy section */

/* Begin PBXFileReference section */
		BF8335D826F659A2001D9355 /* InLoop.app */ = {isa = PBXFileReference; explicitFileType = wrapper.application; includeInIndex = 0; path = InLoop.app; sourceTree = BUILT_PRODUCTS_DIR; };
		BF8335DB26F659A2001D9355 /* InLoopApp.swift */ = {isa = PBXFileReference; lastKnownFileType = sourcecode.swift; path = InLoopApp.swift; sourceTree = "<group>"; };
		BF8335DD26F659A2001D9355 /* ContentView.swift */ = {isa = PBXFileReference; lastKnownFileType = sourcecode.swift; path = ContentView.swift; sourceTree = "<group>"; };
		BF8335DF26F659A8001D9355 /* Assets.xcassets */ = {isa = PBXFileReference; lastKnownFileType = folder.assetcatalog; path = Assets.xcassets; sourceTree = "<group>"; };
		BF8335E226F659A8001D9355 /* Preview Assets.xcassets */ = {isa = PBXFileReference; lastKnownFileType = folder.assetcatalog; path = "Preview Assets.xcassets"; sourceTree = "<group>"; };
		BF8335E426F659A8001D9355 /* Info.plist */ = {isa = PBXFileReference; lastKnownFileType = text.plist.xml; path = Info.plist; sourceTree = "<group>"; };
		BF8335E926F659A9001D9355 /* InLoopTests.xctest */ = {isa = PBXFileReference; explicitFileType = wrapper.cfbundle; includeInIndex = 0; path = InLoopTests.xctest; sourceTree = BUILT_PRODUCTS_DIR; };
		BF8335ED26F659A9001D9355 /* InLoopTests.swift */ = {isa = PBXFileReference; lastKnownFileType = sourcecode.swift; path = InLoopTests.swift; sourceTree = "<group>"; };
		BF8335EF26F659A9001D9355 /* Info.plist */ = {isa = PBXFileReference; lastKnownFileType = text.plist.xml; path = Info.plist; sourceTree = "<group>"; };
		BF8335F426F659A9001D9355 /* InLoopUITests.xctest */ = {isa = PBXFileReference; explicitFileType = wrapper.cfbundle; includeInIndex = 0; path = InLoopUITests.xctest; sourceTree = BUILT_PRODUCTS_DIR; };
		BF8335F826F659A9001D9355 /* InLoopUITests.swift */ = {isa = PBXFileReference; lastKnownFileType = sourcecode.swift; path = InLoopUITests.swift; sourceTree = "<group>"; };
		BF8335FA26F659A9001D9355 /* Info.plist */ = {isa = PBXFileReference; lastKnownFileType = text.plist.xml; path = Info.plist; sourceTree = "<group>"; };
/* End PBXFileReference section */

/* Begin PBXFrameworksBuildPhase section */
		BF8335D526F659A2001D9355 /* Frameworks */ = {
			isa = PBXFrameworksBuildPhase;
			buildActionMask = 2147483647;
			files = (
			);
			runOnlyForDeploymentPostprocessing = 0;
		};
		BF8335E626F659A9001D9355 /* Frameworks */ = {
			isa = PBXFrameworksBuildPhase;
			buildActionMask = 2147483647;
			files = (
			);
			runOnlyForDeploymentPostprocessing = 0;
		};
		BF8335F126F659A9001D9355 /* Frameworks */ = {
			isa = PBXFrameworksBuildPhase;
			buildActionMask = 2147483647;
			files = (
			);
			runOnlyForDeploymentPostprocessing = 0;
		};
/* End PBXFrameworksBuildPhase section */

/* Begin PBXGroup section */
		BF8335CF26F659A2001D9355 = {
			isa = PBXGroup;
			children = (
				BF8335DA26F659A2001D9355 /* InLoop */,
				BF8335EC26F659A9001D9355 /* InLoopTests */,
				BF8335F726F659A9001D9355 /* InLoopUITests */,
				BF8335D926F659A2001D9355 /* Products */,
			);
			sourceTree = "<group>";
		};
		BF8335D926F659A2001D9355 /* Products */ = {
			isa = PBXGroup;
			children = (
				BF8335D826F659A2001D9355 /* InLoop.app */,
				BF8335E926F659A9001D9355 /* InLoopTests.xctest */,
				BF8335F426F659A9001D9355 /* InLoopUITests.xctest */,
			);
			name = Products;
			sourceTree = "<group>";
		};
		BF8335DA26F659A2001D9355 /* InLoop */ = {
			isa = PBXGroup;
			children = (
				BF8335DB26F659A2001D9355 /* InLoopApp.swift */,
				BF8335DD26F659A2001D9355 /* ContentView.swift */,
				BF8335DF26F659A8001D9355 /* Assets.xcassets */,
				BF8335E426F659A8001D9355 /* Info.plist */,
				BF8335E126F659A8001D9355 /* Preview Content */,
			);
			path = InLoop;
			sourceTree = "<group>";
		};
		BF8335E126F659A8001D9355 /* Preview Content */ = {
			isa = PBXGroup;
			children = (
				BF8335E226F659A8001D9355 /* Preview Assets.xcassets */,
			);
			path = "Preview Content";
			sourceTree = "<group>";
		};
		BF8335EC26F659A9001D9355 /* InLoopTests */ = {
			isa = PBXGroup;
			children = (
				BF8335ED26F659A9001D9355 /* InLoopTests.swift */,
				BF8335EF26F659A9001D9355 /* Info.plist */,
			);
			path = InLoopTests;
			sourceTree = "<group>";
		};
		BF8335F726F659A9001D9355 /* InLoopUITests */ = {
			isa = PBXGroup;
			children = (
				BF8335F826F659A9001D9355 /* InLoopUITests.swift */,
				BF8335FA26F659A9001D9355 /* Info.plist */,
			);
			path = InLoopUITests;
			sourceTree = "<group>";
		};
/* End PBXGroup section */

/* Begin PBXNativeTarget section */
		BF8335D726F659A2001D9355 /* InLoop */ = {
			isa = PBXNativeTarget;
			buildConfigurationList = BF8335FD26F659A9001D9355 /* Build configuration list for PBXNativeTarget "InLoop" */;
			buildPhases = (
				BF8335D426F659A2001D9355 /* Sources */,
				BF8335D526F659A2001D9355 /* Frameworks */,
				BF8335D626F659A2001D9355 /* Resources */,
			);
			buildRules = (
			);
			dependencies = (
			);
			name = InLoop;
			productName = InLoop;
			productReference = BF8335D826F659A2001D9355 /* InLoop.app */;
			productType = "com.apple.product-type.application";
		};
		BF8335E826F659A9001D9355 /* InLoopTests */ = {
			isa = PBXNativeTarget;
			buildConfigurationList = BF83360026F659A9001D9355 /* Build configuration list for PBXNativeTarget "InLoopTests" */;
			buildPhases = (
				BF8335E526F659A9001D9355 /* Sources */,
				BF8335E626F659A9001D9355 /* Frameworks */,
				BF8335E726F659A9001D9355 /* Resources */,
			);
			buildRules = (
			);
			dependencies = (
				BF8335EB26F659A9001D9355 /* PBXTargetDependency */,
			);
			name = InLoopTests;
			productName = InLoopTests;
			productReference = BF8335E926F659A9001D9355 /* InLoopTests.xctest */;
			productType = "com.apple.product-type.bundle.unit-test";
		};
		BF8335F326F659A9001D9355 /* InLoopUITests */ = {
			isa = PBXNativeTarget;
			buildConfigurationList = BF83360326F659A9001D9355 /* Build configuration list for PBXNativeTarget "InLoopUITests" */;
			buildPhases = (
				BF8335F026F659A9001D9355 /* Sources */,
				BF8335F126F659A9001D9355 /* Frameworks */,
				BF8335F226F659A9001D9355 /* Resources */,
			);
			buildRules = (
			);
			dependencies = (
				BF8335F626F659A9001D9355 /* PBXTargetDependency */,
			);
			name = InLoopUITests;
			productName = InLoopUITests;
			productReference = BF8335F426F659A9001D9355 /* InLoopUITests.xctest */;
			productType = "com.apple.product-type.bundle.ui-testing";
		};
/* End PBXNativeTarget section */

/* Begin PBXProject section */
		BF8335D026F659A2001D9355 /* Project object */ = {
			isa = PBXProject;
			attributes = {
				LastSwiftUpdateCheck = 1250;
				LastUpgradeCheck = 1250;
				TargetAttributes = {
					BF8335D726F659A2001D9355 = {
						CreatedOnToolsVersion = 12.5.1;
					};
					BF8335E826F659A9001D9355 = {
						CreatedOnToolsVersion = 12.5.1;
						TestTargetID = BF8335D726F659A2001D9355;
					};
					BF8335F326F659A9001D9355 = {
						CreatedOnToolsVersion = 12.5.1;
						TestTargetID = BF8335D726F659A2001D9355;
					};
				};
			};
			buildConfigurationList = BF8335D326F659A2001D9355 /* Build configuration list for PBXProject "InLoop" */;
			compatibilityVersion = "Xcode 9.3";
			developmentRegion = en;
			hasScannedForEncodings = 0;
			knownRegions = (
				en,
				Base,
			);
			mainGroup = BF8335CF26F659A2001D9355;
			productRefGroup = BF8335D926F659A2001D9355 /* Products */;
			projectDirPath = "";
			projectRoot = "";
			targets = (
				BF8335D726F659A2001D9355 /* InLoop */,
				BF8335E826F659A9001D9355 /* InLoopTests */,
				BF8335F326F659A9001D9355 /* InLoopUITests */,
			);
		};
/* End PBXProject section */

/* Begin PBXResourcesBuildPhase section */
		BF8335D626F659A2001D9355 /* Resources */ = {
			isa = PBXResourcesBuildPhase;
			buildActionMask = 2147483647;
			files = (
				BF8335E326F659A8001D9355 /* Preview Assets.xcassets in Resources */,
				BF8335E026F659A8001D9355 /* Assets.xcassets in Resources */,
			);
			runOnlyForDeploymentPostprocessing = 0;
		};
		BF8335E726F659A9001D9355 /* Resources */ = {
			isa = PBXResourcesBuildPhase;
			buildActionMask = 2147483647;
			files = (
			);
			runOnlyForDeploymentPostprocessing = 0;
		};
		BF8335F226F659A9001D9355 /* Resources */ = {
			isa = PBXResourcesBuildPhase;
			buildActionMask = 2147483647;
			files = (
			);
			runOnlyForDeploymentPostprocessing = 0;
		};
/* End PBXResourcesBuildPhase section */

/* Begin PBXSourcesBuildPhase section */
		BF8335D426F659A2001D9355 /* Sources */ = {
			isa = PBXSourcesBuildPhase;
			buildActionMask = 2147483647;
			files = (
				BF8335DE26F659A2001D9355 /* ContentView.swift in Sources */,
				BF8335DC26F659A2001D9355 /* InLoopApp.swift in Sources */,
			);
			runOnlyForDeploymentPostprocessing = 0;
		};
		BF8335E526F659A9001D9355 /* Sources */ = {
			isa = PBXSourcesBuildPhase;
			buildActionMask = 2147483647;
			files = (
				BF8335EE26F659A9001D9355 /* InLoopTests.swift in Sources */,
			);
			runOnlyForDeploymentPostprocessing = 0;
		};
		BF8335F026F659A9001D9355 /* Sources */ = {
			isa = PBXSourcesBuildPhase;
			buildActionMask = 2147483647;
			files = (
				BF8335F926F659A9001D9355 /* InLoopUITests.swift in Sources */,
			);
			runOnlyForDeploymentPostprocessing = 0;
		};
/* End PBXSourcesBuildPhase section */

/* Begin PBXTargetDependency section */
		BF8335EB26F659A9001D9355 /* PBXTargetDependency */ = {
			isa = PBXTargetDependency;
			target = BF8335D726F659A2001D9355 /* InLoop */;
			targetProxy = BF8335EA26F659A9001D9355 /* PBXContainerItemProxy */;
		};
		BF8335F626F659A9001D9355 /* PBXTargetDependency */ = {
			isa = PBXTargetDependency;
			target = BF8335D726F659A2001D9355 /* InLoop */;
			targetProxy = BF8335F526F659A9001D9355 /* PBXContainerItemProxy */;
		};
/* End PBXTargetDependency section */

/* Begin XCBuildConfiguration section */
		BF8335FB26F659A9001D9355 /* Debug */ = {
			isa = XCBuildConfiguration;
			buildSettings = {
				ALWAYS_SEARCH_USER_PATHS = NO;
				CLANG_ANALYZER_NONNULL = YES;
				CLANG_ANALYZER_NUMBER_OBJECT_CONVERSION = YES_AGGRESSIVE;
				CLANG_CXX_LANGUAGE_STANDARD = "gnu++14";
				CLANG_CXX_LIBRARY = "libc++";
				CLANG_ENABLE_MODULES = YES;
				CLANG_ENABLE_OBJC_ARC = YES;
				CLANG_ENABLE_OBJC_WEAK = YES;
				CLANG_WARN_BLOCK_CAPTURE_AUTORELEASING = YES;
				CLANG_WARN_BOOL_CONVERSION = YES;
				CLANG_WARN_COMMA = YES;
				CLANG_WARN_CONSTANT_CONVERSION = YES;
				CLANG_WARN_DEPRECATED_OBJC_IMPLEMENTATIONS = YES;
				CLANG_WARN_DIRECT_OBJC_ISA_USAGE = YES_ERROR;
				CLANG_WARN_DOCUMENTATION_COMMENTS = YES;
				CLANG_WARN_EMPTY_BODY = YES;
				CLANG_WARN_ENUM_CONVERSION = YES;
				CLANG_WARN_INFINITE_RECURSION = YES;
				CLANG_WARN_INT_CONVERSION = YES;
				CLANG_WARN_NON_LITERAL_NULL_CONVERSION = YES;
				CLANG_WARN_OBJC_IMPLICIT_RETAIN_SELF = YES;
				CLANG_WARN_OBJC_LITERAL_CONVERSION = YES;
				CLANG_WARN_OBJC_ROOT_CLASS = YES_ERROR;
				CLANG_WARN_QUOTED_INCLUDE_IN_FRAMEWORK_HEADER = YES;
				CLANG_WARN_RANGE_LOOP_ANALYSIS = YES;
				CLANG_WARN_STRICT_PROTOTYPES = YES;
				CLANG_WARN_SUSPICIOUS_MOVE = YES;
				CLANG_WARN_UNGUARDED_AVAILABILITY = YES_AGGRESSIVE;
				CLANG_WARN_UNREACHABLE_CODE = YES;
				CLANG_WARN__DUPLICATE_METHOD_MATCH = YES;
				COPY_PHASE_STRIP = NO;
				DEBUG_INFORMATION_FORMAT = dwarf;
				ENABLE_STRICT_OBJC_MSGSEND = YES;
				ENABLE_TESTABILITY = YES;
				GCC_C_LANGUAGE_STANDARD = gnu11;
				GCC_DYNAMIC_NO_PIC = NO;
				GCC_NO_COMMON_BLOCKS = YES;
				GCC_OPTIMIZATION_LEVEL = 0;
				GCC_PREPROCESSOR_DEFINITIONS = (
					"DEBUG=1",
					"$(inherited)",
				);
				GCC_WARN_64_TO_32_BIT_CONVERSION = YES;
				GCC_WARN_ABOUT_RETURN_TYPE = YES_ERROR;
				GCC_WARN_UNDECLARED_SELECTOR = YES;
				GCC_WARN_UNINITIALIZED_AUTOS = YES_AGGRESSIVE;
				GCC_WARN_UNUSED_FUNCTION = YES;
				GCC_WARN_UNUSED_VARIABLE = YES;
				IPHONEOS_DEPLOYMENT_TARGET = 14.5;
				MTL_ENABLE_DEBUG_INFO = INCLUDE_SOURCE;
				MTL_FAST_MATH = YES;
				ONLY_ACTIVE_ARCH = YES;
				SDKROOT = iphoneos;
				SWIFT_ACTIVE_COMPILATION_CONDITIONS = DEBUG;
				SWIFT_OPTIMIZATION_LEVEL = "-Onone";
			};
			name = Debug;
		};
		BF8335FC26F659A9001D9355 /* Release */ = {
			isa = XCBuildConfiguration;
			buildSettings = {
				ALWAYS_SEARCH_USER_PATHS = NO;
				CLANG_ANALYZER_NONNULL = YES;
				CLANG_ANALYZER_NUMBER_OBJECT_CONVERSION = YES_AGGRESSIVE;
				CLANG_CXX_LANGUAGE_STANDARD = "gnu++14";
				CLANG_CXX_LIBRARY = "libc++";
				CLANG_ENABLE_MODULES = YES;
				CLANG_ENABLE_OBJC_ARC = YES;
				CLANG_ENABLE_OBJC_WEAK = YES;
				CLANG_WARN_BLOCK_CAPTURE_AUTORELEASING = YES;
				CLANG_WARN_BOOL_CONVERSION = YES;
				CLANG_WARN_COMMA = YES;
				CLANG_WARN_CONSTANT_CONVERSION = YES;
				CLANG_WARN_DEPRECATED_OBJC_IMPLEMENTATIONS = YES;
				CLANG_WARN_DIRECT_OBJC_ISA_USAGE = YES_ERROR;
				CLANG_WARN_DOCUMENTATION_COMMENTS = YES;
				CLANG_WARN_EMPTY_BODY = YES;
				CLANG_WARN_ENUM_CONVERSION = YES;
				CLANG_WARN_INFINITE_RECURSION = YES;
				CLANG_WARN_INT_CONVERSION = YES;
				CLANG_WARN_NON_LITERAL_NULL_CONVERSION = YES;
				CLANG_WARN_OBJC_IMPLICIT_RETAIN_SELF = YES;
				CLANG_WARN_OBJC_LITERAL_CONVERSION = YES;
				CLANG_WARN_OBJC_ROOT_CLASS = YES_ERROR;
				CLANG_WARN_QUOTED_INCLUDE_IN_FRAMEWORK_HEADER = YES;
				CLANG_WARN_RANGE_LOOP_ANALYSIS = YES;
				CLANG_WARN_STRICT_PROTOTYPES = YES;
				CLANG_WARN_SUSPICIOUS_MOVE = YES;
				CLANG_WARN_UNGUARDED_AVAILABILITY = YES_AGGRESSIVE;
				CLANG_WARN_UNREACHABLE_CODE = YES;
				CLANG_WARN__DUPLICATE_METHOD_MATCH = YES;
				COPY_PHASE_STRIP = NO;
				DEBUG_INFORMATION_FORMAT = "dwarf-with-dsym";
				ENABLE_NS_ASSERTIONS = NO;
				ENABLE_STRICT_OBJC_MSGSEND = YES;
				GCC_C_LANGUAGE_STANDARD = gnu11;
				GCC_NO_COMMON_BLOCKS = YES;
				GCC_WARN_64_TO_32_BIT_CONVERSION = YES;
				GCC_WARN_ABOUT_RETURN_TYPE = YES_ERROR;
				GCC_WARN_UNDECLARED_SELECTOR = YES;
				GCC_WARN_UNINITIALIZED_AUTOS = YES_AGGRESSIVE;
				GCC_WARN_UNUSED_FUNCTION = YES;
				GCC_WARN_UNUSED_VARIABLE = YES;
				IPHONEOS_DEPLOYMENT_TARGET = 14.5;
				MTL_ENABLE_DEBUG_INFO = NO;
				MTL_FAST_MATH = YES;
				SDKROOT = iphoneos;
				SWIFT_COMPILATION_MODE = wholemodule;
				SWIFT_OPTIMIZATION_LEVEL = "-O";
				VALIDATE_PRODUCT = YES;
			};
			name = Release;
		};
		BF8335FE26F659A9001D9355 /* Debug */ = {
			isa = XCBuildConfiguration;
			buildSettings = {
				ASSETCATALOG_COMPILER_APPICON_NAME = AppIcon;
				ASSETCATALOG_COMPILER_GLOBAL_ACCENT_COLOR_NAME = AccentColor;
				CODE_SIGN_STYLE = Automatic;
				DEVELOPMENT_ASSET_PATHS = "\"InLoop/Preview Content\"";
				DEVELOPMENT_TEAM = 78B97N4BC3;
				ENABLE_PREVIEWS = YES;
				INFOPLIST_FILE = InLoop/Info.plist;
				IPHONEOS_DEPLOYMENT_TARGET = 14.0;
				LD_RUNPATH_SEARCH_PATHS = (
					"$(inherited)",
					"@executable_path/Frameworks",
				);
				PRODUCT_BUNDLE_IDENTIFIER = com.erock.InLoop;
				PRODUCT_NAME = "$(TARGET_NAME)";
				SWIFT_VERSION = 5.0;
				TARGETED_DEVICE_FAMILY = "1,2";
			};
			name = Debug;
		};
		BF8335FF26F659A9001D9355 /* Release */ = {
			isa = XCBuildConfiguration;
			buildSettings = {
				ASSETCATALOG_COMPILER_APPICON_NAME = AppIcon;
				ASSETCATALOG_COMPILER_GLOBAL_ACCENT_COLOR_NAME = AccentColor;
				CODE_SIGN_STYLE = Automatic;
				DEVELOPMENT_ASSET_PATHS = "\"InLoop/Preview Content\"";
				DEVELOPMENT_TEAM = 78B97N4BC3;
				ENABLE_PREVIEWS = YES;
				INFOPLIST_FILE = InLoop/Info.plist;
				IPHONEOS_DEPLOYMENT_TARGET = 14.0;
				LD_RUNPATH_SEARCH_PATHS = (
					"$(inherited)",
					"@executable_path/Frameworks",
				);
				PRODUCT_BUNDLE_IDENTIFIER = com.erock.InLoop;
				PRODUCT_NAME = "$(TARGET_NAME)";
				SWIFT_VERSION = 5.0;
				TARGETED_DEVICE_FAMILY = "1,2";
			};
			name = Release;
		};
		BF83360126F659A9001D9355 /* Debug */ = {
			isa = XCBuildConfiguration;
			buildSettings = {
				ALWAYS_EMBED_SWIFT_STANDARD_LIBRARIES = YES;
				BUNDLE_LOADER = "$(TEST_HOST)";
				CODE_SIGN_STYLE = Automatic;
				DEVELOPMENT_TEAM = 78B97N4BC3;
				INFOPLIST_FILE = InLoopTests/Info.plist;
				IPHONEOS_DEPLOYMENT_TARGET = 14.0;
				LD_RUNPATH_SEARCH_PATHS = (
					"$(inherited)",
					"@executable_path/Frameworks",
					"@loader_path/Frameworks",
				);
				PRODUCT_BUNDLE_IDENTIFIER = com.erock.InLoopTests;
				PRODUCT_NAME = "$(TARGET_NAME)";
				SWIFT_VERSION = 5.0;
				TARGETED_DEVICE_FAMILY = "1,2";
				TEST_HOST = "$(BUILT_PRODUCTS_DIR)/InLoop.app/InLoop";
			};
			name = Debug;
		};
		BF83360226F659A9001D9355 /* Release */ = {
			isa = XCBuildConfiguration;
			buildSettings = {
				ALWAYS_EMBED_SWIFT_STANDARD_LIBRARIES = YES;
				BUNDLE_LOADER = "$(TEST_HOST)";
				CODE_SIGN_STYLE = Automatic;
				DEVELOPMENT_TEAM = 78B97N4BC3;
				INFOPLIST_FILE = InLoopTests/Info.plist;
				IPHONEOS_DEPLOYMENT_TARGET = 14.0;
				LD_RUNPATH_SEARCH_PATHS = (
					"$(inherited)",
					"@executable_path/Frameworks",
					"@loader_path/Frameworks",
				);
				PRODUCT_BUNDLE_IDENTIFIER = com.erock.InLoopTests;
				PRODUCT_NAME = "$(TARGET_NAME)";
				SWIFT_VERSION = 5.0;
				TARGETED_DEVICE_FAMILY = "1,2";
				TEST_HOST = "$(BUILT_PRODUCTS_DIR)/InLoop.app/InLoop";
			};
			name = Release;
		};
		BF83360426F659A9001D9355 /* Debug */ = {
			isa = XCBuildConfiguration;
			buildSettings = {
				ALWAYS_EMBED_SWIFT_STANDARD_LIBRARIES = YES;
				CODE_SIGN_STYLE = Automatic;
				DEVELOPMENT_TEAM = 78B97N4BC3;
				INFOPLIST_FILE = InLoopUITests/Info.plist;
				LD_RUNPATH_SEARCH_PATHS = (
					"$(inherited)",
					"@executable_path/Frameworks",
					"@loader_path/Frameworks",
				);
				PRODUCT_BUNDLE_IDENTIFIER = com.erock.InLoopUITests;
				PRODUCT_NAME = "$(TARGET_NAME)";
				SWIFT_VERSION = 5.0;
				TARGETED_DEVICE_FAMILY = "1,2";
				TEST_TARGET_NAME = InLoop;
			};
			name = Debug;
		};
		BF83360526F659A9001D9355 /* Release */ = {
			isa = XCBuildConfiguration;
			buildSettings = {
				ALWAYS_EMBED_SWIFT_STANDARD_LIBRARIES = YES;
				CODE_SIGN_STYLE = Automatic;
				DEVELOPMENT_TEAM = 78B97N4BC3;
				INFOPLIST_FILE = InLoopUITests/Info.plist;
				LD_RUNPATH_SEARCH_PATHS = (
					"$(inherited)",
					"@executable_path/Frameworks",
					"@loader_path/Frameworks",
				);
				PRODUCT_BUNDLE_IDENTIFIER = com.erock.InLoopUITests;
				PRODUCT_NAME = "$(TARGET_NAME)";
				SWIFT_VERSION = 5.0;
				TARGETED_DEVICE_FAMILY = "1,2";
				TEST_TARGET_NAME = InLoop;
			};
			name = Release;
		};
/* End XCBuildConfiguration section */

/* Begin XCConfigurationList section */
		BF8335D326F659A2001D9355 /* Build configuration list for PBXProject "InLoop" */ = {
			isa = XCConfigurationList;
			buildConfigurations = (
				BF8335FB26F659A9001D9355 /* Debug */,
				BF8335FC26F659A9001D9355 /* Release */,
			);
			defaultConfigurationIsVisible = 0;
			defaultConfigurationName = Release;
		};
		BF8335FD26F659A9001D9355 /* Build configuration list for PBXNativeTarget "InLoop" */ = {
			isa = XCConfigurationList;
			buildConfigurations = (
				BF8335FE26F659A9001D9355 /* Debug */,
				BF8335FF26F659A9001D9355 /* Release */,
			);
			defaultConfigurationIsVisible = 0;
			defaultConfigurationName = Release;
		};
		BF83360026F659A9001D9355 /* Build configuration list for PBXNativeTarget "InLoopTests" */ = {
			isa = XCConfigurationList;
			buildConfigurations = (
				BF83360126F659A9001D9355 /* Debug */,
				BF83360226F659A9001D9355 /* Release */,
			);
			defaultConfigurationIsVisible = 0;
			defaultConfigurationName = Release;
		};
		BF83360326F659A9001D9355 /* Build configuration list for PBXNativeTarget "InLoopUITests" */ = {
			isa = XCConfigurationList;
			buildConfigurations = (
				BF83360426F659A9001D9355 /* Debug */,
				BF83360526F659A9001D9355 /* Release */,
			);
			defaultConfigurationIsVisible = 0;
			defaultConfigurationName = Release;
		};
/* End XCConfigurationList section */
	};
	rootObject = BF8335D026F659A2001D9355 /* Project object */;
}
